{
  "projects": [
    {
      "projectId": "wBcw9dcxKyU36yfsUviVdG",
      "version": "latest",
      "dependencies": {},
      "fileLocks": [
        {
          "type": "globalVariant",
          "assetId": "E1isZEegCA11",
          "checksum": "2eace6e90148c85b4a93155fbdb80e31"
        },
        {
          "type": "renderModule",
          "assetId": "CZsdhsQfR2",
          "checksum": "aaddb820b38408ecddda12423b1a9efa"
        },
        {
          "type": "cssRules",
          "assetId": "CZsdhsQfR2",
          "checksum": "8d63d2be38218c9a0b1aeb04d1a05709"
        },
        {
          "type": "renderModule",
          "assetId": "N1xWE1svjO",
          "checksum": "2c63d7da88b6944838ca7b0daaff62c8"
        },
        {
          "type": "cssRules",
          "assetId": "N1xWE1svjO",
          "checksum": "dcb325b18c26d554508329d273850ad2"
        },
        {
          "type": "renderModule",
          "assetId": "DFJFHCaPCd",
          "checksum": "047b6235cf8bcff771e5d7b950cf3a23"
        },
        {
          "type": "cssRules",
          "assetId": "DFJFHCaPCd",
          "checksum": "02725b8055e1b2a9a0140e7708cc0d4c"
        },
        {
          "type": "renderModule",
          "assetId": "Ra6hYxqoFV",
          "checksum": "0c9225c6acfea85f933e1a0c0164a898"
        },
        {
          "type": "cssRules",
          "assetId": "Ra6hYxqoFV",
          "checksum": "1e018a8ecd5e88765e44b9c3412bb749"
        },
        {
          "type": "renderModule",
          "assetId": "Px_8qz3kVB",
          "checksum": "7a8ef9b06750bc8cdda38bb1a724bfe6"
        },
        {
          "type": "cssRules",
          "assetId": "Px_8qz3kVB",
          "checksum": "a835a4e7392e2fe12dc270c3837f1452"
        },
        {
          "type": "renderModule",
          "assetId": "HDfljj54Xp",
          "checksum": "e5171336f5c47caf46a2a5dc9a9dbeeb"
        },
        {
          "type": "cssRules",
          "assetId": "HDfljj54Xp",
          "checksum": "313a0bad6269cb5425d0a542ffd19c3a"
        },
        {
          "type": "renderModule",
          "assetId": "kdE_dd2jbPd",
          "checksum": "8d5ded8a397e042db85fe0960cd7579a"
        },
        {
          "type": "cssRules",
          "assetId": "kdE_dd2jbPd",
          "checksum": "79d2b11724675f1c6472d91eb878a02f"
        },
        {
          "type": "renderModule",
          "assetId": "yLOYoxRMwJ",
          "checksum": "884d91c95d8134948bac700702312475"
        },
        {
          "type": "cssRules",
          "assetId": "yLOYoxRMwJ",
          "checksum": "7a0d3d8f4379dc7f741b6a38f581ada4"
        },
        {
          "type": "renderModule",
          "assetId": "E4MwO2Nk-p",
          "checksum": "a9f7e61ea9d8f33e2e2409793f429016"
        },
        {
          "type": "cssRules",
          "assetId": "E4MwO2Nk-p",
          "checksum": "c3d32a3650f26c9a504f03c33364d371"
        },
        {
          "type": "icon",
          "assetId": "Mbae2-w9vC",
          "checksum": "78ac13fbe8455f54e2c15dec50e6db70"
        },
        {
          "type": "icon",
          "assetId": "qYjXe9EXdM",
          "checksum": "74f5014fa981bf1efd5e8ff55cad5d13"
        },
        {
          "type": "icon",
          "assetId": "fezaFbqFB",
          "checksum": "df3f711c0da632629af26a8834e27633"
        },
        {
          "type": "icon",
          "assetId": "vDHQWBd8eL",
          "checksum": "4bcaad0fa5a159b7fe68f99dfe2e1351"
        },
        {
          "type": "icon",
          "assetId": "xJW5VBVoHga",
          "checksum": "918eb4b7ab282a60542ad3598785ddd9"
        },
        {
          "type": "icon",
          "assetId": "Vph_nWL1i9u",
          "checksum": "968ca899e24ff80a3587eee2cdf99e8f"
        },
        {
          "type": "icon",
          "assetId": "AelBxIAIdOu",
          "checksum": "1b6533e4eeca53f8aabdb26058c0f36d"
        },
        {
          "type": "icon",
          "assetId": "GhNEvngnIGJ",
          "checksum": "d99e368617b26f5d3f27e62ad0241e5d"
        },
        {
          "type": "icon",
          "assetId": "viG_oLN9xp",
          "checksum": "50dfccb4b6ee78d2084ec694b8ed27e6"
        },
        {
          "type": "icon",
          "assetId": "fPf1uqzYly",
          "checksum": "0e8b478123b2ec3848701e4b715b1096"
        },
        {
          "type": "icon",
          "assetId": "ZP8XwREzTyT",
          "checksum": "a19e079149e36230cbc71eab3f04c633"
        },
        {
          "type": "icon",
          "assetId": "_8cl6dH60Qv",
          "checksum": "cb1b84ff84d04e6d07ddd9b7f9ef0fcd"
        },
        {
          "type": "icon",
          "assetId": "BveF1vG5zUW",
          "checksum": "35cac7ab4b0fb391dd50fb139feab1a0"
        },
        {
          "type": "icon",
          "assetId": "1xn5E_x_fjm",
          "checksum": "c2eafb8580fe1470cb3cf9082f5c4d29"
        },
        {
          "type": "icon",
          "assetId": "RPQbm5HDneh",
          "checksum": "9f49e0126cf46c5448a0fa27d2857d41"
        },
        {
          "type": "icon",
          "assetId": "BifcRnDdHGs",
          "checksum": "3d45c8aba74908e24b88eae58a3e777b"
        },
        {
          "type": "icon",
          "assetId": "FlGDlNBBN41",
          "checksum": "71a8a92c2f017b087b88bd98bcc60a04"
        },
        {
          "type": "icon",
          "assetId": "raBaFkFMNSE",
          "checksum": "ca983a59dc6eaa65d55fd87dfd47c4cf"
        },
        {
          "type": "icon",
          "assetId": "x6BR45bYnBe",
          "checksum": "f8dd4d16d2430b85d5b382c53cd5265b"
        },
        {
          "type": "icon",
          "assetId": "pxe17EYG8dI",
          "checksum": "05542c50561c48359e101f4c4f6fb7cd"
        },
        {
          "type": "icon",
          "assetId": "ZN8X9wGJbqY",
          "checksum": "37f668e559954e5b231688ff7cc154cc"
        },
        {
          "type": "icon",
          "assetId": "ay9VF6i5Ixa",
          "checksum": "0b851fd2e216a51189e4ca31fe153d38"
        },
        {
          "type": "image",
          "assetId": "AZt8oO7ef",
          "checksum": "7bc1dea30877e728a5d04ebe44342438"
        },
        {
          "type": "image",
          "assetId": "RMawL2Akt",
          "checksum": "623546432ab60667b2a7d06e42d3d780"
        },
        {
          "type": "image",
          "assetId": "iYQRY2SgYl",
          "checksum": "44a8be9a5c72aeb9eb74ce7db26afe7c"
        },
        {
          "type": "image",
          "assetId": "Z081Rt8M0K",
          "checksum": "fe864008b88107f166ff345d9bc11aff"
        },
        {
          "type": "image",
          "assetId": "mw5Wu84IUgZ",
          "checksum": "a544583f3a7c069b3945ec8e6525459d"
        },
        {
          "type": "image",
          "assetId": "2SArlxyMYL-",
          "checksum": "165141289c7dfbe99c3b282cb06e637c"
        },
        {
          "type": "image",
          "assetId": "qrDy_Vqw8F",
          "checksum": "23f932c96cf4762a0274ad0bfd26fcca"
        },
        {
          "type": "image",
          "assetId": "Emz_Ihxpp",
          "checksum": "401292be0cc98831bf6e3fa9fb3f8035"
        },
        {
          "type": "image",
          "assetId": "JSZ6ZdsIn",
          "checksum": "b8c1d0adff01da04daf8d9706e275124"
        },
        {
          "type": "renderModule",
          "assetId": "POlLgbVSFD",
          "checksum": "3119656cc79ed6a62498d42dac66fe87"
        },
        {
          "type": "cssRules",
          "assetId": "POlLgbVSFD",
          "checksum": "b799575fca3002bbe98b1952dffef363"
        },
        {
          "assetId": "wBcw9dcxKyU36yfsUviVdG",
          "type": "projectCss",
          "checksum": "ea5e3359805491d2fa001d393a0e28d7"
        }
      ],
      "lang": "ts"
    }
  ],
  "cliVersion": "0.1.94"
}
